
Microsoft Visual Studio Solution File, Format Version 12.00
# Visual Studio Version 16
VisualStudioVersion = 16.0.31410.357
MinimumVisualStudioVersion = 10.0.40219.1
Project("{FAE04EC0-301F-11D3-BF4B-00C04F79EFBC}") = "PortalDeTraducoes", "PortalDeTraducoes\PortalDeTraducoes.csproj", "{AD4155F8-644E-4C97-A229-90C2C0E7662E}"
EndProject
Global
	GlobalSection(SolutionConfigurationPlatforms) = preSolution
		Debug|Any CPU = Debug|Any CPU
		Release|Any CPU = Release|Any CPU
	EndGlobalSection
	GlobalSection(ProjectConfigurationPlatforms) = postSolution
		{AD4155F8-644E-4C97-A229-90C2C0E7662E}.Debug|Any CPU.ActiveCfg = Debug|Any CPU
		{AD4155F8-644E-4C97-A229-90C2C0E7662E}.Debug|Any CPU.Build.0 = Debug|Any CPU
		{AD4155F8-644E-4C97-A229-90C2C0E7662E}.Release|Any CPU.ActiveCfg = Release|Any CPU
		{AD4155F8-644E-4C97-A229-90C2C0E7662E}.Release|Any CPU.Build.0 = Release|Any CPU
	EndGlobalSection
	GlobalSection(SolutionProperties) = preSolution
		HideSolutionNode = FALSE
	EndGlobalSection
	GlobalSection(ExtensibilityGlobals) = postSolution
		SolutionGuid = {EACE0DC2-6058-4174-B5B7-63F67B78376D}
	EndGlobalSection
EndGlobal
